// !$*UTF8*$!
{
	archiveVersion = 1;
	classes = {
	};
	objectVersion = 70;
	objects = {

/* Begin PBXBuildFile section */
		4F2B8A3C2C84B35100433D1B /* CompletedTasksView.swift in Sources */ = {isa = PBXBuildFile; fileRef = 4F2B8A3B2C84B35100433D1B /* CompletedTasksView.swift */; };
		4F3D66FD2CF2168300D9A124 /* UserProfileView.swift in Sources */ = {isa = PBXBuildFile; fileRef = 4F3D66FC2CF2168300D9A124 /* UserProfileView.swift */; };
		4F3D66FF2CF2190100D9A124 /* UserProfileModel.swift in Sources */ = {isa = PBXBuildFile; fileRef = 4F3D66FE2CF2190100D9A124 /* UserProfileModel.swift */; };
		4F3D67012CF21E5100D9A124 /* UserProfileManager.swift in Sources */ = {isa = PBXBuildFile; fileRef = 4F3D67002CF21E5100D9A124 /* UserProfileManager.swift */; };
		4F3D67052CF253DC00D9A124 /* ToastView.swift in Sources */ = {isa = PBXBuildFile; fileRef = 4F3D67042CF253DC00D9A124 /* ToastView.swift */; };
		4F3D673E2CF332D600D9A124 /* SidebarMenuView.swift in Sources */ = {isa = PBXBuildFile; fileRef = 4F3D673D2CF332D600D9A124 /* SidebarMenuView.swift */; };
		4F3D67462CF3D30C00D9A124 /* LanguageView.swift in Sources */ = {isa = PBXBuildFile; fileRef = 4F3D67452CF3D30C00D9A124 /* LanguageView.swift */; };
		4F3D674D2CF3DAC600D9A124 /* AppSettings.swift in Sources */ = {isa = PBXBuildFile; fileRef = 4F3D674C2CF3DAC600D9A124 /* AppSettings.swift */; };
		4F60C6DF2CAC882A00C880AD /* TasksInProcessView.swift in Sources */ = {isa = PBXBuildFile; fileRef = 4F60C6DE2CAC882A00C880AD /* TasksInProcessView.swift */; };
		4F66B6FD2C19974600378124 /* TaskingApp.swift in Sources */ = {isa = PBXBuildFile; fileRef = 4F66B6FC2C19974600378124 /* TaskingApp.swift */; };
		4F66B6FF2C19974600378124 /* TaskListView.swift in Sources */ = {isa = PBXBuildFile; fileRef = 4F66B6FE2C19974600378124 /* TaskListView.swift */; };
		4F66B7012C19974800378124 /* Assets.xcassets in Resources */ = {isa = PBXBuildFile; fileRef = 4F66B7002C19974800378124 /* Assets.xcassets */; };
		4F66B7042C19974800378124 /* Preview Assets.xcassets in Resources */ = {isa = PBXBuildFile; fileRef = 4F66B7032C19974800378124 /* Preview Assets.xcassets */; };
		4F66B70D2C19984000378124 /* PriorityView.swift in Sources */ = {isa = PBXBuildFile; fileRef = 4F66B70C2C19984000378124 /* PriorityView.swift */; };
		4F66B7112C199A2C00378124 /* HomeView.swift in Sources */ = {isa = PBXBuildFile; fileRef = 4F66B7102C199A2C00378124 /* HomeView.swift */; };
		4F66B7132C19A4D000378124 /* PriorityMatrixView.swift in Sources */ = {isa = PBXBuildFile; fileRef = 4F66B7122C19A4D000378124 /* PriorityMatrixView.swift */; };
		4F66B7162C19A67700378124 /* TaskModel.swift in Sources */ = {isa = PBXBuildFile; fileRef = 4F66B7152C19A67700378124 /* TaskModel.swift */; };
		4F66B7192C19AE3400378124 /* ScheduleItView.swift in Sources */ = {isa = PBXBuildFile; fileRef = 4F66B7182C19AE3400378124 /* ScheduleItView.swift */; };
		4F66B71B2C19AE5200378124 /* DoItNowView.swift in Sources */ = {isa = PBXBuildFile; fileRef = 4F66B71A2C19AE5200378124 /* DoItNowView.swift */; };
		4F66B71D2C19AE7200378124 /* DoItLaterView.swift in Sources */ = {isa = PBXBuildFile; fileRef = 4F66B71C2C19AE7200378124 /* DoItLaterView.swift */; };
		4F66B71F2C19AE8800378124 /* DelegateItView.swift in Sources */ = {isa = PBXBuildFile; fileRef = 4F66B71E2C19AE8800378124 /* DelegateItView.swift */; };
		4F66B7212C19B23200378124 /* StoreTaskManager.swift in Sources */ = {isa = PBXBuildFile; fileRef = 4F66B7202C19B23200378124 /* StoreTaskManager.swift */; };
		4F7A26F02CA85E80008581AF /* LandingView.swift in Sources */ = {isa = PBXBuildFile; fileRef = 4F7A26EF2CA85E80008581AF /* LandingView.swift */; };
		4F7A26F32CA887FB008581AF /* Combine.framework in Frameworks */ = {isa = PBXBuildFile; fileRef = 4F7A26F22CA887FB008581AF /* Combine.framework */; };
		4F959A272CF20CAF0048E3E2 /* FeedbackView.swift in Sources */ = {isa = PBXBuildFile; fileRef = 4F959A262CF20CAF0048E3E2 /* FeedbackView.swift */; };
		4F959A292CF20D110048E3E2 /* FeedBackMailView.swift in Sources */ = {isa = PBXBuildFile; fileRef = 4F959A282CF20D110048E3E2 /* FeedBackMailView.swift */; };
		4FB3C22F2CE5492100D17B00 /* HowItWorksView.swift in Sources */ = {isa = PBXBuildFile; fileRef = 4FB3C22E2CE5492100D17B00 /* HowItWorksView.swift */; };
		4FB3C2312CE54A4D00D17B00 /* StatisticsView.swift in Sources */ = {isa = PBXBuildFile; fileRef = 4FB3C2302CE54A4D00D17B00 /* StatisticsView.swift */; };
		4FC6B35B2CA9C8D700677B1C /* AboutThisAppView.swift in Sources */ = {isa = PBXBuildFile; fileRef = 4FC6B35A2CA9C8D700677B1C /* AboutThisAppView.swift */; };
		4FCCA86A2C19E83C00FCA57C /* AppDelegate.swift in Sources */ = {isa = PBXBuildFile; fileRef = 4FCCA8692C19E83C00FCA57C /* AppDelegate.swift */; };
/* End PBXBuildFile section */

/* Begin PBXFileReference section */
		4F2B8A3B2C84B35100433D1B /* CompletedTasksView.swift */ = {isa = PBXFileReference; lastKnownFileType = sourcecode.swift; path = CompletedTasksView.swift; sourceTree = "<group>"; };
		4F3D66FC2CF2168300D9A124 /* UserProfileView.swift */ = {isa = PBXFileReference; lastKnownFileType = sourcecode.swift; path = UserProfileView.swift; sourceTree = "<group>"; };
		4F3D66FE2CF2190100D9A124 /* UserProfileModel.swift */ = {isa = PBXFileReference; lastKnownFileType = sourcecode.swift; path = UserProfileModel.swift; sourceTree = "<group>"; };
		4F3D67002CF21E5100D9A124 /* UserProfileManager.swift */ = {isa = PBXFileReference; lastKnownFileType = sourcecode.swift; path = UserProfileManager.swift; sourceTree = "<group>"; };
		4F3D67042CF253DC00D9A124 /* ToastView.swift */ = {isa = PBXFileReference; lastKnownFileType = sourcecode.swift; path = ToastView.swift; sourceTree = "<group>"; };
		4F3D673D2CF332D600D9A124 /* SidebarMenuView.swift */ = {isa = PBXFileReference; lastKnownFileType = sourcecode.swift; path = SidebarMenuView.swift; sourceTree = "<group>"; };
		4F3D67412CF3CFB900D9A124 /* Info.plist */ = {isa = PBXFileReference; lastKnownFileType = text.plist; path = Info.plist; sourceTree = "<group>"; };
		4F3D67452CF3D30C00D9A124 /* LanguageView.swift */ = {isa = PBXFileReference; lastKnownFileType = sourcecode.swift; path = LanguageView.swift; sourceTree = "<group>"; };
		4F3D674C2CF3DAC600D9A124 /* AppSettings.swift */ = {isa = PBXFileReference; lastKnownFileType = sourcecode.swift; path = AppSettings.swift; sourceTree = "<group>"; };
		4F60C6DE2CAC882A00C880AD /* TasksInProcessView.swift */ = {isa = PBXFileReference; lastKnownFileType = sourcecode.swift; path = TasksInProcessView.swift; sourceTree = "<group>"; };
		4F66B6F92C19974600378124 /* Tasking.app */ = {isa = PBXFileReference; explicitFileType = wrapper.application; includeInIndex = 0; path = Tasking.app; sourceTree = BUILT_PRODUCTS_DIR; };
		4F66B6FC2C19974600378124 /* TaskingApp.swift */ = {isa = PBXFileReference; lastKnownFileType = sourcecode.swift; path = TaskingApp.swift; sourceTree = "<group>"; };
		4F66B6FE2C19974600378124 /* TaskListView.swift */ = {isa = PBXFileReference; lastKnownFileType = sourcecode.swift; path = TaskListView.swift; sourceTree = "<group>"; };
		4F66B7002C19974800378124 /* Assets.xcassets */ = {isa = PBXFileReference; lastKnownFileType = folder.assetcatalog; path = Assets.xcassets; sourceTree = "<group>"; };
		4F66B7032C19974800378124 /* Preview Assets.xcassets */ = {isa = PBXFileReference; lastKnownFileType = folder.assetcatalog; path = "Preview Assets.xcassets"; sourceTree = "<group>"; };
		4F66B70C2C19984000378124 /* PriorityView.swift */ = {isa = PBXFileReference; lastKnownFileType = sourcecode.swift; path = PriorityView.swift; sourceTree = "<group>"; };
		4F66B7102C199A2C00378124 /* HomeView.swift */ = {isa = PBXFileReference; lastKnownFileType = sourcecode.swift; path = HomeView.swift; sourceTree = "<group>"; };
		4F66B7122C19A4D000378124 /* PriorityMatrixView.swift */ = {isa = PBXFileReference; lastKnownFileType = sourcecode.swift; path = PriorityMatrixView.swift; sourceTree = "<group>"; };
		4F66B7152C19A67700378124 /* TaskModel.swift */ = {isa = PBXFileReference; lastKnownFileType = sourcecode.swift; path = TaskModel.swift; sourceTree = "<group>"; };
		4F66B7182C19AE3400378124 /* ScheduleItView.swift */ = {isa = PBXFileReference; lastKnownFileType = sourcecode.swift; path = ScheduleItView.swift; sourceTree = "<group>"; };
		4F66B71A2C19AE5200378124 /* DoItNowView.swift */ = {isa = PBXFileReference; lastKnownFileType = sourcecode.swift; path = DoItNowView.swift; sourceTree = "<group>"; };
		4F66B71C2C19AE7200378124 /* DoItLaterView.swift */ = {isa = PBXFileReference; lastKnownFileType = sourcecode.swift; path = DoItLaterView.swift; sourceTree = "<group>"; };
		4F66B71E2C19AE8800378124 /* DelegateItView.swift */ = {isa = PBXFileReference; lastKnownFileType = sourcecode.swift; path = DelegateItView.swift; sourceTree = "<group>"; };
		4F66B7202C19B23200378124 /* StoreTaskManager.swift */ = {isa = PBXFileReference; lastKnownFileType = sourcecode.swift; path = StoreTaskManager.swift; sourceTree = "<group>"; };
		4F7A26EF2CA85E80008581AF /* LandingView.swift */ = {isa = PBXFileReference; lastKnownFileType = sourcecode.swift; path = LandingView.swift; sourceTree = "<group>"; };
		4F7A26F22CA887FB008581AF /* Combine.framework */ = {isa = PBXFileReference; lastKnownFileType = wrapper.framework; name = Combine.framework; path = System/Library/Frameworks/Combine.framework; sourceTree = SDKROOT; };
		4F959A262CF20CAF0048E3E2 /* FeedbackView.swift */ = {isa = PBXFileReference; lastKnownFileType = sourcecode.swift; path = FeedbackView.swift; sourceTree = "<group>"; };
		4F959A282CF20D110048E3E2 /* FeedBackMailView.swift */ = {isa = PBXFileReference; lastKnownFileType = sourcecode.swift; path = FeedBackMailView.swift; sourceTree = "<group>"; };
		4FB3C22E2CE5492100D17B00 /* HowItWorksView.swift */ = {isa = PBXFileReference; lastKnownFileType = sourcecode.swift; path = HowItWorksView.swift; sourceTree = "<group>"; };
		4FB3C2302CE54A4D00D17B00 /* StatisticsView.swift */ = {isa = PBXFileReference; lastKnownFileType = sourcecode.swift; path = StatisticsView.swift; sourceTree = "<group>"; };
		4FC6B35A2CA9C8D700677B1C /* AboutThisAppView.swift */ = {isa = PBXFileReference; lastKnownFileType = sourcecode.swift; path = AboutThisAppView.swift; sourceTree = "<group>"; };
		4FCCA8692C19E83C00FCA57C /* AppDelegate.swift */ = {isa = PBXFileReference; lastKnownFileType = sourcecode.swift; path = AppDelegate.swift; sourceTree = "<group>"; };
/* End PBXFileReference section */

/* Begin PBXFileSystemSynchronizedRootGroup section */
		4F3D67492CF3D7A900D9A124 /* Resources */ = {isa = PBXFileSystemSynchronizedRootGroup; explicitFileTypes = {}; explicitFolders = (); path = Resources; sourceTree = "<group>"; };
		4F7C76F42CCD3694006D426A /* Styles */ = {isa = PBXFileSystemSynchronizedRootGroup; explicitFileTypes = {}; explicitFolders = (); path = Styles; sourceTree = "<group>"; };
		4FF957CC2CCEE3F40082AA98 /* Components */ = {isa = PBXFileSystemSynchronizedRootGroup; explicitFileTypes = {}; explicitFolders = (); path = Components; sourceTree = "<group>"; };
/* End PBXFileSystemSynchronizedRootGroup section */

/* Begin PBXFrameworksBuildPhase section */
		4F66B6F62C19974600378124 /* Frameworks */ = {
			isa = PBXFrameworksBuildPhase;
			buildActionMask = 2147483647;
			files = (
				4F7A26F32CA887FB008581AF /* Combine.framework in Frameworks */,
			);
			runOnlyForDeploymentPostprocessing = 0;
		};
/* End PBXFrameworksBuildPhase section */

/* Begin PBXGroup section */
		4F3D67082CF27CAF00D9A124 /* TopMenuView */ = {
			isa = PBXGroup;
			children = (
				4F3D673D2CF332D600D9A124 /* SidebarMenuView.swift */,
				4F3D67452CF3D30C00D9A124 /* LanguageView.swift */,
				4F3D66FC2CF2168300D9A124 /* UserProfileView.swift */,
				4FC6B35A2CA9C8D700677B1C /* AboutThisAppView.swift */,
				4FB3C22E2CE5492100D17B00 /* HowItWorksView.swift */,
				4FB3C2302CE54A4D00D17B00 /* StatisticsView.swift */,
				4F959A262CF20CAF0048E3E2 /* FeedbackView.swift */,
				4F959A282CF20D110048E3E2 /* FeedBackMailView.swift */,
				4F3D67042CF253DC00D9A124 /* ToastView.swift */,
			);
			path = TopMenuView;
			sourceTree = "<group>";
		};
		4F66B6F02C19974600378124 = {
			isa = PBXGroup;
			children = (
				4F66B6FB2C19974600378124 /* Tasking */,
				4F3D67492CF3D7A900D9A124 /* Resources */,
				4F7A26F12CA887FB008581AF /* Frameworks */,
				4F66B6FA2C19974600378124 /* Products */,
			);
			sourceTree = "<group>";
		};
		4F66B6FA2C19974600378124 /* Products */ = {
			isa = PBXGroup;
			children = (
				4F66B6F92C19974600378124 /* Tasking.app */,
			);
			name = Products;
			sourceTree = "<group>";
		};
		4F66B6FB2C19974600378124 /* Tasking */ = {
			isa = PBXGroup;
			children = (
				4F3D67412CF3CFB900D9A124 /* Info.plist */,
				4F66B6FC2C19974600378124 /* TaskingApp.swift */,
				4FCCA8692C19E83C00FCA57C /* AppDelegate.swift */,
				4F3D674C2CF3DAC600D9A124 /* AppSettings.swift */,
				4F66B7142C19A63F00378124 /* View */,
				4FF957CC2CCEE3F40082AA98 /* Components */,
				4F7C76F42CCD3694006D426A /* Styles */,
				4F66B7172C19A68100378124 /* Models */,
				4F66B7222C19B3E000378124 /* Services */,
				4F66B7002C19974800378124 /* Assets.xcassets */,
				4F66B7022C19974800378124 /* Preview Content */,
			);
			path = Tasking;
			sourceTree = "<group>";
		};
		4F66B7022C19974800378124 /* Preview Content */ = {
			isa = PBXGroup;
			children = (
				4F66B7032C19974800378124 /* Preview Assets.xcassets */,
			);
			path = "Preview Content";
			sourceTree = "<group>";
		};
		4F66B7142C19A63F00378124 /* View */ = {
			isa = PBXGroup;
			children = (
				4F7A26EF2CA85E80008581AF /* LandingView.swift */,
				4F66B7102C199A2C00378124 /* HomeView.swift */,
				4F66B6FE2C19974600378124 /* TaskListView.swift */,
				4F66B70C2C19984000378124 /* PriorityView.swift */,
				4F66B7122C19A4D000378124 /* PriorityMatrixView.swift */,
				4F66B71A2C19AE5200378124 /* DoItNowView.swift */,
				4F66B7182C19AE3400378124 /* ScheduleItView.swift */,
				4F66B71E2C19AE8800378124 /* DelegateItView.swift */,
				4F66B71C2C19AE7200378124 /* DoItLaterView.swift */,
				4F60C6DE2CAC882A00C880AD /* TasksInProcessView.swift */,
				4F2B8A3B2C84B35100433D1B /* CompletedTasksView.swift */,
				4F3D67082CF27CAF00D9A124 /* TopMenuView */,
			);
			path = View;
			sourceTree = "<group>";
		};
		4F66B7172C19A68100378124 /* Models */ = {
			isa = PBXGroup;
			children = (
				4F3D66FE2CF2190100D9A124 /* UserProfileModel.swift */,
				4F66B7152C19A67700378124 /* TaskModel.swift */,
			);
			path = Models;
			sourceTree = "<group>";
		};
		4F66B7222C19B3E000378124 /* Services */ = {
			isa = PBXGroup;
			children = (
				4F3D67002CF21E5100D9A124 /* UserProfileManager.swift */,
				4F66B7202C19B23200378124 /* StoreTaskManager.swift */,
			);
			path = Services;
			sourceTree = "<group>";
		};
		4F7A26F12CA887FB008581AF /* Frameworks */ = {
			isa = PBXGroup;
			children = (
				4F7A26F22CA887FB008581AF /* Combine.framework */,
			);
			name = Frameworks;
			sourceTree = "<group>";
		};
/* End PBXGroup section */

/* Begin PBXNativeTarget section */
		4F66B6F82C19974600378124 /* Tasking */ = {
			isa = PBXNativeTarget;
			buildConfigurationList = 4F66B7072C19974800378124 /* Build configuration list for PBXNativeTarget "Tasking" */;
			buildPhases = (
				4F66B6F52C19974600378124 /* Sources */,
				4F66B6F62C19974600378124 /* Frameworks */,
				4F66B6F72C19974600378124 /* Resources */,
			);
			buildRules = (
			);
			dependencies = (
			);
			fileSystemSynchronizedGroups = (
				4F3D67492CF3D7A900D9A124 /* Resources */,
				4F7C76F42CCD3694006D426A /* Styles */,
				4FF957CC2CCEE3F40082AA98 /* Components */,
			);
			name = Tasking;
			productName = Tasking;
			productReference = 4F66B6F92C19974600378124 /* Tasking.app */;
			productType = "com.apple.product-type.application";
		};
/* End PBXNativeTarget section */

/* Begin PBXProject section */
		4F66B6F12C19974600378124 /* Project object */ = {
			isa = PBXProject;
			attributes = {
				BuildIndependentTargetsInParallel = 1;
				LastSwiftUpdateCheck = 1540;
				LastUpgradeCheck = 1540;
				TargetAttributes = {
					4F66B6F82C19974600378124 = {
						CreatedOnToolsVersion = 15.4;
					};
				};
			};
			buildConfigurationList = 4F66B6F42C19974600378124 /* Build configuration list for PBXProject "Tasking" */;
			compatibilityVersion = "Xcode 14.0";
			developmentRegion = en;
			hasScannedForEncodings = 0;
			knownRegions = (
				en,
				Base,
				es,
				fr,
				ru,
			);
			mainGroup = 4F66B6F02C19974600378124;
			productRefGroup = 4F66B6FA2C19974600378124 /* Products */;
			projectDirPath = "";
			projectRoot = "";
			targets = (
				4F66B6F82C19974600378124 /* Tasking */,
			);
		};
/* End PBXProject section */

/* Begin PBXResourcesBuildPhase section */
		4F66B6F72C19974600378124 /* Resources */ = {
			isa = PBXResourcesBuildPhase;
			buildActionMask = 2147483647;
			files = (
				4F66B7042C19974800378124 /* Preview Assets.xcassets in Resources */,
				4F66B7012C19974800378124 /* Assets.xcassets in Resources */,
			);
			runOnlyForDeploymentPostprocessing = 0;
		};
/* End PBXResourcesBuildPhase section */

/* Begin PBXSourcesBuildPhase section */
		4F66B6F52C19974600378124 /* Sources */ = {
			isa = PBXSourcesBuildPhase;
			buildActionMask = 2147483647;
			files = (
				4FB3C22F2CE5492100D17B00 /* HowItWorksView.swift in Sources */,
				4F66B71F2C19AE8800378124 /* DelegateItView.swift in Sources */,
				4F66B7132C19A4D000378124 /* PriorityMatrixView.swift in Sources */,
				4F7A26F02CA85E80008581AF /* LandingView.swift in Sources */,
				4F66B6FF2C19974600378124 /* TaskListView.swift in Sources */,
				4F3D66FF2CF2190100D9A124 /* UserProfileModel.swift in Sources */,
				4F2B8A3C2C84B35100433D1B /* CompletedTasksView.swift in Sources */,
				4F3D673E2CF332D600D9A124 /* SidebarMenuView.swift in Sources */,
				4F66B7112C199A2C00378124 /* HomeView.swift in Sources */,
				4F66B7212C19B23200378124 /* StoreTaskManager.swift in Sources */,
				4F959A292CF20D110048E3E2 /* FeedBackMailView.swift in Sources */,
				4F66B7192C19AE3400378124 /* ScheduleItView.swift in Sources */,
				4F66B6FD2C19974600378124 /* TaskingApp.swift in Sources */,
				4FCCA86A2C19E83C00FCA57C /* AppDelegate.swift in Sources */,
				4F60C6DF2CAC882A00C880AD /* TasksInProcessView.swift in Sources */,
				4F959A272CF20CAF0048E3E2 /* FeedbackView.swift in Sources */,
				4F66B70D2C19984000378124 /* PriorityView.swift in Sources */,
				4F66B71D2C19AE7200378124 /* DoItLaterView.swift in Sources */,
				4F66B7162C19A67700378124 /* TaskModel.swift in Sources */,
				4FC6B35B2CA9C8D700677B1C /* AboutThisAppView.swift in Sources */,
				4F3D67462CF3D30C00D9A124 /* LanguageView.swift in Sources */,
				4FB3C2312CE54A4D00D17B00 /* StatisticsView.swift in Sources */,
				4F3D66FD2CF2168300D9A124 /* UserProfileView.swift in Sources */,
				4F3D67052CF253DC00D9A124 /* ToastView.swift in Sources */,
				4F3D67012CF21E5100D9A124 /* UserProfileManager.swift in Sources */,
				4F3D674D2CF3DAC600D9A124 /* AppSettings.swift in Sources */,
				4F66B71B2C19AE5200378124 /* DoItNowView.swift in Sources */,
			);
			runOnlyForDeploymentPostprocessing = 0;
		};
/* End PBXSourcesBuildPhase section */

/* Begin XCBuildConfiguration section */
		4F66B7052C19974800378124 /* Debug */ = {
			isa = XCBuildConfiguration;
			buildSettings = {
				ALWAYS_SEARCH_USER_PATHS = NO;
				ASSETCATALOG_COMPILER_GENERATE_SWIFT_ASSET_SYMBOL_EXTENSIONS = YES;
				CLANG_ANALYZER_NONNULL = YES;
				CLANG_ANALYZER_NUMBER_OBJECT_CONVERSION = YES_AGGRESSIVE;
				CLANG_CXX_LANGUAGE_STANDARD = "gnu++20";
				CLANG_ENABLE_MODULES = YES;
				CLANG_ENABLE_OBJC_ARC = YES;
				CLANG_ENABLE_OBJC_WEAK = YES;
				CLANG_WARN_BLOCK_CAPTURE_AUTORELEASING = YES;
				CLANG_WARN_BOOL_CONVERSION = YES;
				CLANG_WARN_COMMA = YES;
				CLANG_WARN_CONSTANT_CONVERSION = YES;
				CLANG_WARN_DEPRECATED_OBJC_IMPLEMENTATIONS = YES;
				CLANG_WARN_DIRECT_OBJC_ISA_USAGE = YES_ERROR;
				CLANG_WARN_DOCUMENTATION_COMMENTS = YES;
				CLANG_WARN_EMPTY_BODY = YES;
				CLANG_WARN_ENUM_CONVERSION = YES;
				CLANG_WARN_INFINITE_RECURSION = YES;
				CLANG_WARN_INT_CONVERSION = YES;
				CLANG_WARN_NON_LITERAL_NULL_CONVERSION = YES;
				CLANG_WARN_OBJC_IMPLICIT_RETAIN_SELF = YES;
				CLANG_WARN_OBJC_LITERAL_CONVERSION = YES;
				CLANG_WARN_OBJC_ROOT_CLASS = YES_ERROR;
				CLANG_WARN_QUOTED_INCLUDE_IN_FRAMEWORK_HEADER = YES;
				CLANG_WARN_RANGE_LOOP_ANALYSIS = YES;
				CLANG_WARN_STRICT_PROTOTYPES = YES;
				CLANG_WARN_SUSPICIOUS_MOVE = YES;
				CLANG_WARN_UNGUARDED_AVAILABILITY = YES_AGGRESSIVE;
				CLANG_WARN_UNREACHABLE_CODE = YES;
				CLANG_WARN__DUPLICATE_METHOD_MATCH = YES;
				COPY_PHASE_STRIP = NO;
				DEBUG_INFORMATION_FORMAT = dwarf;
				ENABLE_STRICT_OBJC_MSGSEND = YES;
				ENABLE_TESTABILITY = YES;
				ENABLE_USER_SCRIPT_SANDBOXING = YES;
				GCC_C_LANGUAGE_STANDARD = gnu17;
				GCC_DYNAMIC_NO_PIC = NO;
				GCC_NO_COMMON_BLOCKS = YES;
				GCC_OPTIMIZATION_LEVEL = 0;
				GCC_PREPROCESSOR_DEFINITIONS = (
					"DEBUG=1",
					"$(inherited)",
				);
				GCC_WARN_64_TO_32_BIT_CONVERSION = YES;
				GCC_WARN_ABOUT_RETURN_TYPE = YES_ERROR;
				GCC_WARN_UNDECLARED_SELECTOR = YES;
				GCC_WARN_UNINITIALIZED_AUTOS = YES_AGGRESSIVE;
				GCC_WARN_UNUSED_FUNCTION = YES;
				GCC_WARN_UNUSED_VARIABLE = YES;
				IPHONEOS_DEPLOYMENT_TARGET = 17.5;
				LOCALIZATION_PREFERS_STRING_CATALOGS = YES;
				MTL_ENABLE_DEBUG_INFO = INCLUDE_SOURCE;
				MTL_FAST_MATH = YES;
				ONLY_ACTIVE_ARCH = YES;
				SDKROOT = iphoneos;
				SWIFT_ACTIVE_COMPILATION_CONDITIONS = "DEBUG $(inherited)";
				SWIFT_EMIT_LOC_STRINGS = YES;
				SWIFT_OPTIMIZATION_LEVEL = "-Onone";
			};
			name = Debug;
		};
		4F66B7062C19974800378124 /* Release */ = {
			isa = XCBuildConfiguration;
			buildSettings = {
				ALWAYS_SEARCH_USER_PATHS = NO;
				ASSETCATALOG_COMPILER_GENERATE_SWIFT_ASSET_SYMBOL_EXTENSIONS = YES;
				CLANG_ANALYZER_NONNULL = YES;
				CLANG_ANALYZER_NUMBER_OBJECT_CONVERSION = YES_AGGRESSIVE;
				CLANG_CXX_LANGUAGE_STANDARD = "gnu++20";
				CLANG_ENABLE_MODULES = YES;
				CLANG_ENABLE_OBJC_ARC = YES;
				CLANG_ENABLE_OBJC_WEAK = YES;
				CLANG_WARN_BLOCK_CAPTURE_AUTORELEASING = YES;
				CLANG_WARN_BOOL_CONVERSION = YES;
				CLANG_WARN_COMMA = YES;
				CLANG_WARN_CONSTANT_CONVERSION = YES;
				CLANG_WARN_DEPRECATED_OBJC_IMPLEMENTATIONS = YES;
				CLANG_WARN_DIRECT_OBJC_ISA_USAGE = YES_ERROR;
				CLANG_WARN_DOCUMENTATION_COMMENTS = YES;
				CLANG_WARN_EMPTY_BODY = YES;
				CLANG_WARN_ENUM_CONVERSION = YES;
				CLANG_WARN_INFINITE_RECURSION = YES;
				CLANG_WARN_INT_CONVERSION = YES;
				CLANG_WARN_NON_LITERAL_NULL_CONVERSION = YES;
				CLANG_WARN_OBJC_IMPLICIT_RETAIN_SELF = YES;
				CLANG_WARN_OBJC_LITERAL_CONVERSION = YES;
				CLANG_WARN_OBJC_ROOT_CLASS = YES_ERROR;
				CLANG_WARN_QUOTED_INCLUDE_IN_FRAMEWORK_HEADER = YES;
				CLANG_WARN_RANGE_LOOP_ANALYSIS = YES;
				CLANG_WARN_STRICT_PROTOTYPES = YES;
				CLANG_WARN_SUSPICIOUS_MOVE = YES;
				CLANG_WARN_UNGUARDED_AVAILABILITY = YES_AGGRESSIVE;
				CLANG_WARN_UNREACHABLE_CODE = YES;
				CLANG_WARN__DUPLICATE_METHOD_MATCH = YES;
				COPY_PHASE_STRIP = NO;
				DEBUG_INFORMATION_FORMAT = "dwarf-with-dsym";
				ENABLE_NS_ASSERTIONS = NO;
				ENABLE_STRICT_OBJC_MSGSEND = YES;
				ENABLE_USER_SCRIPT_SANDBOXING = YES;
				GCC_C_LANGUAGE_STANDARD = gnu17;
				GCC_NO_COMMON_BLOCKS = YES;
				GCC_WARN_64_TO_32_BIT_CONVERSION = YES;
				GCC_WARN_ABOUT_RETURN_TYPE = YES_ERROR;
				GCC_WARN_UNDECLARED_SELECTOR = YES;
				GCC_WARN_UNINITIALIZED_AUTOS = YES_AGGRESSIVE;
				GCC_WARN_UNUSED_FUNCTION = YES;
				GCC_WARN_UNUSED_VARIABLE = YES;
				IPHONEOS_DEPLOYMENT_TARGET = 17.5;
				LOCALIZATION_PREFERS_STRING_CATALOGS = YES;
				MTL_ENABLE_DEBUG_INFO = NO;
				MTL_FAST_MATH = YES;
				SDKROOT = iphoneos;
				SWIFT_COMPILATION_MODE = wholemodule;
				SWIFT_EMIT_LOC_STRINGS = YES;
				VALIDATE_PRODUCT = YES;
			};
			name = Release;
		};
		4F66B7082C19974800378124 /* Debug */ = {
			isa = XCBuildConfiguration;
			buildSettings = {
				ASSETCATALOG_COMPILER_APPICON_NAME = AppIcon;
				ASSETCATALOG_COMPILER_GLOBAL_ACCENT_COLOR_NAME = AccentColor;
				CODE_SIGN_STYLE = Automatic;
				CURRENT_PROJECT_VERSION = 1;
				DEVELOPMENT_ASSET_PATHS = "\"Tasking/Preview Content\"";
				DEVELOPMENT_TEAM = UK4DJ3RCL4;
				ENABLE_PREVIEWS = YES;
				GENERATE_INFOPLIST_FILE = YES;
				INFOPLIST_FILE = Tasking/Info.plist;
				INFOPLIST_KEY_UIApplicationSupportsIndirectInputEvents = YES;
				INFOPLIST_KEY_UILaunchScreen_Generation = YES;
				INFOPLIST_KEY_UILaunchStoryboardName = LandingView;
				INFOPLIST_KEY_UISupportedInterfaceOrientations = UIInterfaceOrientationPortrait;
				INFOPLIST_KEY_UISupportedInterfaceOrientations_iPad = "UIInterfaceOrientationPortrait UIInterfaceOrientationPortraitUpsideDown";
				IPHONEOS_DEPLOYMENT_TARGET = 17.6;
				LD_RUNPATH_SEARCH_PATHS = (
					"$(inherited)",
					"@executable_path/Frameworks",
				);
				MARKETING_VERSION = 1.0;
				PRODUCT_BUNDLE_IDENTIFIER = com.Carlosgarciaperez.Tasking;
				PRODUCT_NAME = "$(TARGET_NAME)";
				SUPPORTED_PLATFORMS = "iphoneos iphonesimulator";
				SUPPORTS_MACCATALYST = NO;
				SUPPORTS_MAC_DESIGNED_FOR_IPHONE_IPAD = NO;
				SWIFT_EMIT_LOC_STRINGS = YES;
				SWIFT_VERSION = 5.0;
				TARGETED_DEVICE_FAMILY = "1,2";
			};
			name = Debug;
		};
		4F66B7092C19974800378124 /* Release */ = {
			isa = XCBuildConfiguration;
			buildSettings = {
				ASSETCATALOG_COMPILER_APPICON_NAME = AppIcon;
				ASSETCATALOG_COMPILER_GLOBAL_ACCENT_COLOR_NAME = AccentColor;
				CODE_SIGN_STYLE = Automatic;
				CURRENT_PROJECT_VERSION = 1;
				DEVELOPMENT_ASSET_PATHS = "\"Tasking/Preview Content\"";
				DEVELOPMENT_TEAM = UK4DJ3RCL4;
				ENABLE_PREVIEWS = YES;
				GENERATE_INFOPLIST_FILE = YES;
				INFOPLIST_FILE = Tasking/Info.plist;
				INFOPLIST_KEY_UIApplicationSupportsIndirectInputEvents = YES;
				INFOPLIST_KEY_UILaunchScreen_Generation = YES;
				INFOPLIST_KEY_UILaunchStoryboardName = LandingView;
				INFOPLIST_KEY_UISupportedInterfaceOrientations = UIInterfaceOrientationPortrait;
				INFOPLIST_KEY_UISupportedInterfaceOrientations_iPad = "UIInterfaceOrientationPortrait UIInterfaceOrientationPortraitUpsideDown";
				IPHONEOS_DEPLOYMENT_TARGET = 17.6;
				LD_RUNPATH_SEARCH_PATHS = (
					"$(inherited)",
					"@executable_path/Frameworks",
				);
				MARKETING_VERSION = 1.0;
				PRODUCT_BUNDLE_IDENTIFIER = com.Carlosgarciaperez.Tasking;
				PRODUCT_NAME = "$(TARGET_NAME)";
				SUPPORTED_PLATFORMS = "iphoneos iphonesimulator";
				SUPPORTS_MACCATALYST = NO;
				SUPPORTS_MAC_DESIGNED_FOR_IPHONE_IPAD = NO;
				SWIFT_EMIT_LOC_STRINGS = YES;
				SWIFT_VERSION = 5.0;
				TARGETED_DEVICE_FAMILY = "1,2";
			};
			name = Release;
		};
/* End XCBuildConfiguration section */

/* Begin XCConfigurationList section */
		4F66B6F42C19974600378124 /* Build configuration list for PBXProject "Tasking" */ = {
			isa = XCConfigurationList;
			buildConfigurations = (
				4F66B7052C19974800378124 /* Debug */,
				4F66B7062C19974800378124 /* Release */,
			);
			defaultConfigurationIsVisible = 0;
			defaultConfigurationName = Release;
		};
		4F66B7072C19974800378124 /* Build configuration list for PBXNativeTarget "Tasking" */ = {
			isa = XCConfigurationList;
			buildConfigurations = (
				4F66B7082C19974800378124 /* Debug */,
				4F66B7092C19974800378124 /* Release */,
			);
			defaultConfigurationIsVisible = 0;
			defaultConfigurationName = Release;
		};
/* End XCConfigurationList section */
	};
	rootObject = 4F66B6F12C19974600378124 /* Project object */;
}
